// !$*UTF8*$!
{
	archiveVersion = 1;
	classes = {
	};
	objectVersion = 48;
	objects = {

/* Begin PBXBuildFile section */
		543FC871204B959E007DD64C /* main.m in Sources */ = {isa = PBXBuildFile; fileRef = 543FC870204B959E007DD64C /* main.m */; };
		543FC879204B96C1007DD64C /* Caller.m in Sources */ = {isa = PBXBuildFile; fileRef = 543FC878204B96C1007DD64C /* Caller.m */; };
		543FC87C204B96D6007DD64C /* Receiver.m in Sources */ = {isa = PBXBuildFile; fileRef = 543FC87B204B96D6007DD64C /* Receiver.m */; };
		543FC87F204B96E4007DD64C /* Blocks.m in Sources */ = {isa = PBXBuildFile; fileRef = 543FC87E204B96E4007DD64C /* Blocks.m */; };
/* End PBXBuildFile section */

/* Begin PBXCopyFilesBuildPhase section */
		543FC86B204B959E007DD64C /* CopyFiles */ = {
			isa = PBXCopyFilesBuildPhase;
			buildActionMask = 2147483647;
			dstPath = /usr/share/man/man1/;
			dstSubfolderSpec = 0;
			files = (
			);
			runOnlyForDeploymentPostprocessing = 1;
		};
/* End PBXCopyFilesBuildPhase section */

/* Begin PBXFileReference section */
		543FC86D204B959E007DD64C /* Preview_Blocks */ = {isa = PBXFileReference; explicitFileType = "compiled.mach-o.executable"; includeInIndex = 0; path = Preview_Blocks; sourceTree = BUILT_PRODUCTS_DIR; };
		543FC870204B959E007DD64C /* main.m */ = {isa = PBXFileReference; lastKnownFileType = sourcecode.c.objc; path = main.m; sourceTree = "<group>"; };
		543FC877204B96C1007DD64C /* Caller.h */ = {isa = PBXFileReference; lastKnownFileType = sourcecode.c.h; path = Caller.h; sourceTree = "<group>"; };
		543FC878204B96C1007DD64C /* Caller.m */ = {isa = PBXFileReference; lastKnownFileType = sourcecode.c.objc; path = Caller.m; sourceTree = "<group>"; };
		543FC87A204B96D6007DD64C /* Receiver.h */ = {isa = PBXFileReference; lastKnownFileType = sourcecode.c.h; path = Receiver.h; sourceTree = "<group>"; };
		543FC87B204B96D6007DD64C /* Receiver.m */ = {isa = PBXFileReference; lastKnownFileType = sourcecode.c.objc; path = Receiver.m; sourceTree = "<group>"; };
		543FC87D204B96E4007DD64C /* Blocks.h */ = {isa = PBXFileReference; lastKnownFileType = sourcecode.c.h; path = Blocks.h; sourceTree = "<group>"; };
		543FC87E204B96E4007DD64C /* Blocks.m */ = {isa = PBXFileReference; lastKnownFileType = sourcecode.c.objc; path = Blocks.m; sourceTree = "<group>"; };
/* End PBXFileReference section */

/* Begin PBXFrameworksBuildPhase section */
		543FC86A204B959E007DD64C /* Frameworks */ = {
			isa = PBXFrameworksBuildPhase;
			buildActionMask = 2147483647;
			files = (
			);
			runOnlyForDeploymentPostprocessing = 0;
		};
/* End PBXFrameworksBuildPhase section */

/* Begin PBXGroup section */
		543FC864204B959E007DD64C = {
			isa = PBXGroup;
			children = (
				543FC86F204B959E007DD64C /* Preview_Blocks */,
				543FC86E204B959E007DD64C /* Products */,
			);
			sourceTree = "<group>";
		};
		543FC86E204B959E007DD64C /* Products */ = {
			isa = PBXGroup;
			children = (
				543FC86D204B959E007DD64C /* Preview_Blocks */,
			);
			name = Products;
			sourceTree = "<group>";
		};
		543FC86F204B959E007DD64C /* Preview_Blocks */ = {
			isa = PBXGroup;
			children = (
				543FC870204B959E007DD64C /* main.m */,
				543FC87D204B96E4007DD64C /* Blocks.h */,
				543FC87E204B96E4007DD64C /* Blocks.m */,
				543FC87A204B96D6007DD64C /* Receiver.h */,
				543FC87B204B96D6007DD64C /* Receiver.m */,
				543FC877204B96C1007DD64C /* Caller.h */,
				543FC878204B96C1007DD64C /* Caller.m */,
			);
			path = Preview_Blocks;
			sourceTree = "<group>";
		};
/* End PBXGroup section */

/* Begin PBXNativeTarget section */
		543FC86C204B959E007DD64C /* Preview_Blocks */ = {
			isa = PBXNativeTarget;
			buildConfigurationList = 543FC874204B959E007DD64C /* Build configuration list for PBXNativeTarget "Preview_Blocks" */;
			buildPhases = (
				543FC869204B959E007DD64C /* Sources */,
				543FC86A204B959E007DD64C /* Frameworks */,
				543FC86B204B959E007DD64C /* CopyFiles */,
			);
			buildRules = (
			);
			dependencies = (
			);
			name = Preview_Blocks;
			productName = Preview_Blocks;
			productReference = 543FC86D204B959E007DD64C /* Preview_Blocks */;
			productType = "com.apple.product-type.tool";
		};
/* End PBXNativeTarget section */

/* Begin PBXProject section */
		543FC865204B959E007DD64C /* Project object */ = {
			isa = PBXProject;
			attributes = {
				LastUpgradeCheck = 0910;
				ORGANIZATIONNAME = ssb;
				TargetAttributes = {
					543FC86C204B959E007DD64C = {
						CreatedOnToolsVersion = 9.1;
						ProvisioningStyle = Automatic;
					};
				};
			};
			buildConfigurationList = 543FC868204B959E007DD64C /* Build configuration list for PBXProject "Preview_Blocks" */;
			compatibilityVersion = "Xcode 8.0";
			developmentRegion = en;
			hasScannedForEncodings = 0;
			knownRegions = (
				en,
			);
			mainGroup = 543FC864204B959E007DD64C;
			productRefGroup = 543FC86E204B959E007DD64C /* Products */;
			projectDirPath = "";
			projectRoot = "";
			targets = (
				543FC86C204B959E007DD64C /* Preview_Blocks */,
			);
		};
/* End PBXProject section */

/* Begin PBXSourcesBuildPhase section */
		543FC869204B959E007DD64C /* Sources */ = {
			isa = PBXSourcesBuildPhase;
			buildActionMask = 2147483647;
			files = (
				543FC879204B96C1007DD64C /* Caller.m in Sources */,
				543FC87F204B96E4007DD64C /* Blocks.m in Sources */,
				543FC871204B959E007DD64C /* main.m in Sources */,
				543FC87C204B96D6007DD64C /* Receiver.m in Sources */,
			);
			runOnlyForDeploymentPostprocessing = 0;
		};
/* End PBXSourcesBuildPhase section */

/* Begin XCBuildConfiguration section */
		543FC872204B959E007DD64C /* Debug */ = {
			isa = XCBuildConfiguration;
			buildSettings = {
				ALWAYS_SEARCH_USER_PATHS = NO;
				CLANG_ANALYZER_NONNULL = YES;
				CLANG_ANALYZER_NUMBER_OBJECT_CONVERSION = YES_AGGRESSIVE;
				CLANG_CXX_LANGUAGE_STANDARD = "gnu++14";
				CLANG_CXX_LIBRARY = "libc++";
				CLANG_ENABLE_MODULES = YES;
				CLANG_ENABLE_OBJC_ARC = YES;
				CLANG_WARN_BLOCK_CAPTURE_AUTORELEASING = YES;
				CLANG_WARN_BOOL_CONVERSION = YES;
				CLANG_WARN_COMMA = YES;
				CLANG_WARN_CONSTANT_CONVERSION = YES;
				CLANG_WARN_DIRECT_OBJC_ISA_USAGE = YES_ERROR;
				CLANG_WARN_DOCUMENTATION_COMMENTS = YES;
				CLANG_WARN_EMPTY_BODY = YES;
				CLANG_WARN_ENUM_CONVERSION = YES;
				CLANG_WARN_INFINITE_RECURSION = YES;
				CLANG_WARN_INT_CONVERSION = YES;
				CLANG_WARN_NON_LITERAL_NULL_CONVERSION = YES;
				CLANG_WARN_OBJC_LITERAL_CONVERSION = YES;
				CLANG_WARN_OBJC_ROOT_CLASS = YES_ERROR;
				CLANG_WARN_RANGE_LOOP_ANALYSIS = YES;
				CLANG_WARN_STRICT_PROTOTYPES = YES;
				CLANG_WARN_SUSPICIOUS_MOVE = YES;
				CLANG_WARN_UNGUARDED_AVAILABILITY = YES_AGGRESSIVE;
				CLANG_WARN_UNREACHABLE_CODE = YES;
				CLANG_WARN__DUPLICATE_METHOD_MATCH = YES;
				CODE_SIGN_IDENTITY = "-";
				COPY_PHASE_STRIP = NO;
				DEBUG_INFORMATION_FORMAT = dwarf;
				ENABLE_STRICT_OBJC_MSGSEND = YES;
				ENABLE_TESTABILITY = YES;
				GCC_C_LANGUAGE_STANDARD = gnu11;
				GCC_DYNAMIC_NO_PIC = NO;
				GCC_NO_COMMON_BLOCKS = YES;
				GCC_OPTIMIZATION_LEVEL = 0;
				GCC_PREPROCESSOR_DEFINITIONS = (
					"DEBUG=1",
					"$(inherited)",
				);
				GCC_WARN_64_TO_32_BIT_CONVERSION = YES;
				GCC_WARN_ABOUT_RETURN_TYPE = YES_ERROR;
				GCC_WARN_UNDECLARED_SELECTOR = YES;
				GCC_WARN_UNINITIALIZED_AUTOS = YES_AGGRESSIVE;
				GCC_WARN_UNUSED_FUNCTION = YES;
				GCC_WARN_UNUSED_VARIABLE = YES;
				MACOSX_DEPLOYMENT_TARGET = 10.12;
				MTL_ENABLE_DEBUG_INFO = YES;
				ONLY_ACTIVE_ARCH = YES;
				SDKROOT = macosx;
			};
			name = Debug;
		};
		543FC873204B959E007DD64C /* Release */ = {
			isa = XCBuildConfiguration;
			buildSettings = {
				ALWAYS_SEARCH_USER_PATHS = NO;
				CLANG_ANALYZER_NONNULL = YES;
				CLANG_ANALYZER_NUMBER_OBJECT_CONVERSION = YES_AGGRESSIVE;
				CLANG_CXX_LANGUAGE_STANDARD = "gnu++14";
				CLANG_CXX_LIBRARY = "libc++";
				CLANG_ENABLE_MODULES = YES;
				CLANG_ENABLE_OBJC_ARC = YES;
				CLANG_WARN_BLOCK_CAPTURE_AUTORELEASING = YES;
				CLANG_WARN_BOOL_CONVERSION = YES;
				CLANG_WARN_COMMA = YES;
				CLANG_WARN_CONSTANT_CONVERSION = YES;
				CLANG_WARN_DIRECT_OBJC_ISA_USAGE = YES_ERROR;
				CLANG_WARN_DOCUMENTATION_COMMENTS = YES;
				CLANG_WARN_EMPTY_BODY = YES;
				CLANG_WARN_ENUM_CONVERSION = YES;
				CLANG_WARN_INFINITE_RECURSION = YES;
				CLANG_WARN_INT_CONVERSION = YES;
				CLANG_WARN_NON_LITERAL_NULL_CONVERSION = YES;
				CLANG_WARN_OBJC_LITERAL_CONVERSION = YES;
				CLANG_WARN_OBJC_ROOT_CLASS = YES_ERROR;
				CLANG_WARN_RANGE_LOOP_ANALYSIS = YES;
				CLANG_WARN_STRICT_PROTOTYPES = YES;
				CLANG_WARN_SUSPICIOUS_MOVE = YES;
				CLANG_WARN_UNGUARDED_AVAILABILITY = YES_AGGRESSIVE;
				CLANG_WARN_UNREACHABLE_CODE = YES;
				CLANG_WARN__DUPLICATE_METHOD_MATCH = YES;
				CODE_SIGN_IDENTITY = "-";
				COPY_PHASE_STRIP = NO;
				DEBUG_INFORMATION_FORMAT = "dwarf-with-dsym";
				ENABLE_NS_ASSERTIONS = NO;
				ENABLE_STRICT_OBJC_MSGSEND = YES;
				GCC_C_LANGUAGE_STANDARD = gnu11;
				GCC_NO_COMMON_BLOCKS = YES;
				GCC_WARN_64_TO_32_BIT_CONVERSION = YES;
				GCC_WARN_ABOUT_RETURN_TYPE = YES_ERROR;
				GCC_WARN_UNDECLARED_SELECTOR = YES;
				GCC_WARN_UNINITIALIZED_AUTOS = YES_AGGRESSIVE;
				GCC_WARN_UNUSED_FUNCTION = YES;
				GCC_WARN_UNUSED_VARIABLE = YES;
				MACOSX_DEPLOYMENT_TARGET = 10.12;
				MTL_ENABLE_DEBUG_INFO = NO;
				SDKROOT = macosx;
			};
			name = Release;
		};
		543FC875204B959E007DD64C /* Debug */ = {
			isa = XCBuildConfiguration;
			buildSettings = {
				CODE_SIGN_STYLE = Automatic;
				PRODUCT_NAME = "$(TARGET_NAME)";
			};
			name = Debug;
		};
		543FC876204B959E007DD64C /* Release */ = {
			isa = XCBuildConfiguration;
			buildSettings = {
				CODE_SIGN_STYLE = Automatic;
				PRODUCT_NAME = "$(TARGET_NAME)";
			};
			name = Release;
		};
/* End XCBuildConfiguration section */

/* Begin XCConfigurationList section */
		543FC868204B959E007DD64C /* Build configuration list for PBXProject "Preview_Blocks" */ = {
			isa = XCConfigurationList;
			buildConfigurations = (
				543FC872204B959E007DD64C /* Debug */,
				543FC873204B959E007DD64C /* Release */,
			);
			defaultConfigurationIsVisible = 0;
			defaultConfigurationName = Release;
		};
		543FC874204B959E007DD64C /* Build configuration list for PBXNativeTarget "Preview_Blocks" */ = {
			isa = XCConfigurationList;
			buildConfigurations = (
				543FC875204B959E007DD64C /* Debug */,
				543FC876204B959E007DD64C /* Release */,
			);
			defaultConfigurationIsVisible = 0;
			defaultConfigurationName = Release;
		};
/* End XCConfigurationList section */
	};
	rootObject = 543FC865204B959E007DD64C /* Project object */;
}
